
Microsoft Visual Studio Solution File, Format Version 12.00
# Visual Studio Version 17
VisualStudioVersion = 17.5.33530.505
MinimumVisualStudioVersion = 10.0.40219.1
Project("{9A19103F-16F7-4668-BE54-9A1E7A4F7556}") = "AspFinalProject", "AspFinalProject\AspFinalProject.csproj", "{6A994FEB-8096-443C-AABC-B3DD4F34D208}"
EndProject
Project("{FAE04EC0-301F-11D3-BF4B-00C04F79EFBC}") = "App.Core", "App.Core\App.Core.csproj", "{B79ADB89-4DAE-4D97-9E7F-7445764830AD}"
EndProject
Project("{FAE04EC0-301F-11D3-BF4B-00C04F79EFBC}") = "App.Entities", "App.Entities\App.Entities.csproj", "{6C2B37D5-EB2C-4869-BB92-916C1F4A93E5}"
EndProject
Global
	GlobalSection(SolutionConfigurationPlatforms) = preSolution
		Debug|Any CPU = Debug|Any CPU
		Release|Any CPU = Release|Any CPU
	EndGlobalSection
	GlobalSection(ProjectConfigurationPlatforms) = postSolution
		{6A994FEB-8096-443C-AABC-B3DD4F34D208}.Debug|Any CPU.ActiveCfg = Debug|Any CPU
		{6A994FEB-8096-443C-AABC-B3DD4F34D208}.Debug|Any CPU.Build.0 = Debug|Any CPU
		{6A994FEB-8096-443C-AABC-B3DD4F34D208}.Release|Any CPU.ActiveCfg = Release|Any CPU
		{6A994FEB-8096-443C-AABC-B3DD4F34D208}.Release|Any CPU.Build.0 = Release|Any CPU
		{B79ADB89-4DAE-4D97-9E7F-7445764830AD}.Debug|Any CPU.ActiveCfg = Debug|Any CPU
		{B79ADB89-4DAE-4D97-9E7F-7445764830AD}.Debug|Any CPU.Build.0 = Debug|Any CPU
		{B79ADB89-4DAE-4D97-9E7F-7445764830AD}.Release|Any CPU.ActiveCfg = Release|Any CPU
		{B79ADB89-4DAE-4D97-9E7F-7445764830AD}.Release|Any CPU.Build.0 = Release|Any CPU
		{6C2B37D5-EB2C-4869-BB92-916C1F4A93E5}.Debug|Any CPU.ActiveCfg = Debug|Any CPU
		{6C2B37D5-EB2C-4869-BB92-916C1F4A93E5}.Debug|Any CPU.Build.0 = Debug|Any CPU
		{6C2B37D5-EB2C-4869-BB92-916C1F4A93E5}.Release|Any CPU.ActiveCfg = Release|Any CPU
		{6C2B37D5-EB2C-4869-BB92-916C1F4A93E5}.Release|Any CPU.Build.0 = Release|Any CPU
	EndGlobalSection
	GlobalSection(SolutionProperties) = preSolution
		HideSolutionNode = FALSE
	EndGlobalSection
	GlobalSection(ExtensibilityGlobals) = postSolution
		SolutionGuid = {AFAE743A-668E-49DF-8DC7-D341F83FDA98}
	EndGlobalSection
EndGlobal
